
Microsoft Visual Studio Solution File, Format Version 12.00
# Visual Studio Version 17
VisualStudioVersion = 17.10.35122.118
MinimumVisualStudioVersion = 10.0.40219.1
Project("{8BC9CEB8-8B4A-11D0-8D11-00A0C91BC942}") = "TranslateErrorCode", "TranslateErrorCode.vcxproj", "{0F2FC8BE-7558-472C-B47A-CDBA024A2107}"
EndProject
Global
	GlobalSection(SolutionConfigurationPlatforms) = preSolution
		Debug|x64 = Debug|x64
		Debug|x86 = Debug|x86
		Release|x64 = Release|x64
		Release|x86 = Release|x86
	EndGlobalSection
	GlobalSection(ProjectConfigurationPlatforms) = postSolution
		{0F2FC8BE-7558-472C-B47A-CDBA024A2107}.Debug|x64.ActiveCfg = Debug|x64
		{0F2FC8BE-7558-472C-B47A-CDBA024A2107}.Debug|x64.Build.0 = Debug|x64
		{0F2FC8BE-7558-472C-B47A-CDBA024A2107}.Debug|x86.ActiveCfg = Debug|Win32
		{0F2FC8BE-7558-472C-B47A-CDBA024A2107}.Debug|x86.Build.0 = Debug|Win32
		{0F2FC8BE-7558-472C-B47A-CDBA024A2107}.Release|x64.ActiveCfg = Release|x64
		{0F2FC8BE-7558-472C-B47A-CDBA024A2107}.Release|x64.Build.0 = Release|x64
		{0F2FC8BE-7558-472C-B47A-CDBA024A2107}.Release|x86.ActiveCfg = Release|Win32
		{0F2FC8BE-7558-472C-B47A-CDBA024A2107}.Release|x86.Build.0 = Release|Win32
	EndGlobalSection
	GlobalSection(SolutionProperties) = preSolution
		HideSolutionNode = FALSE
	EndGlobalSection
	GlobalSection(ExtensibilityGlobals) = postSolution
		SolutionGuid = {83FF47B8-D328-48A5-9D5F-45570A52F408}
	EndGlobalSection
EndGlobal
